
Microsoft Visual Studio Solution File, Format Version 12.00
# Visual Studio Version 16
VisualStudioVersion = 16.0.31129.286
MinimumVisualStudioVersion = 10.0.40219.1
Project("{8BC9CEB8-8B4A-11D0-8D11-00A0C91BC942}") = "NoBreakpointsAllowed", "NoBreakpointsAllowed\NoBreakpointsAllowed.vcxproj", "{BF5F2C8F-8235-422D-8A32-AFF73D67C83A}"
EndProject
Project("{8BC9CEB8-8B4A-11D0-8D11-00A0C91BC942}") = "KmdWorld", "KmdWorld\KmdWorld.vcxproj", "{8CBA2931-09AC-4626-B860-9CDDEB21A1E2}"
EndProject
Project("{8BC9CEB8-8B4A-11D0-8D11-00A0C91BC942}") = "DriverTest", "DriverTest\DriverTest.vcxproj", "{991EACE6-777A-4DE0-9A82-579EFE2FF189}"
EndProject
Global
	GlobalSection(SolutionConfigurationPlatforms) = preSolution
		Debug|ARM = Debug|ARM
		Debug|ARM64 = Debug|ARM64
		Debug|x64 = Debug|x64
		Debug|x86 = Debug|x86
		Release|ARM = Release|ARM
		Release|ARM64 = Release|ARM64
		Release|x64 = Release|x64
		Release|x86 = Release|x86
	EndGlobalSection
	GlobalSection(ProjectConfigurationPlatforms) = postSolution
		{BF5F2C8F-8235-422D-8A32-AFF73D67C83A}.Debug|ARM.ActiveCfg = Debug|x64
		{BF5F2C8F-8235-422D-8A32-AFF73D67C83A}.Debug|ARM64.ActiveCfg = Debug|x64
		{BF5F2C8F-8235-422D-8A32-AFF73D67C83A}.Debug|x64.ActiveCfg = Debug|x64
		{BF5F2C8F-8235-422D-8A32-AFF73D67C83A}.Debug|x64.Build.0 = Debug|x64
		{BF5F2C8F-8235-422D-8A32-AFF73D67C83A}.Debug|x86.ActiveCfg = Debug|x64
		{BF5F2C8F-8235-422D-8A32-AFF73D67C83A}.Release|ARM.ActiveCfg = Release|x64
		{BF5F2C8F-8235-422D-8A32-AFF73D67C83A}.Release|ARM64.ActiveCfg = Release|x64
		{BF5F2C8F-8235-422D-8A32-AFF73D67C83A}.Release|x64.ActiveCfg = Release|x64
		{BF5F2C8F-8235-422D-8A32-AFF73D67C83A}.Release|x64.Build.0 = Release|x64
		{BF5F2C8F-8235-422D-8A32-AFF73D67C83A}.Release|x86.ActiveCfg = Release|x64
		{8CBA2931-09AC-4626-B860-9CDDEB21A1E2}.Debug|ARM.ActiveCfg = Debug|ARM
		{8CBA2931-09AC-4626-B860-9CDDEB21A1E2}.Debug|ARM.Build.0 = Debug|ARM
		{8CBA2931-09AC-4626-B860-9CDDEB21A1E2}.Debug|ARM.Deploy.0 = Debug|ARM
		{8CBA2931-09AC-4626-B860-9CDDEB21A1E2}.Debug|ARM64.ActiveCfg = Debug|x64
		{8CBA2931-09AC-4626-B860-9CDDEB21A1E2}.Debug|x64.ActiveCfg = Debug|x64
		{8CBA2931-09AC-4626-B860-9CDDEB21A1E2}.Debug|x64.Build.0 = Debug|x64
		{8CBA2931-09AC-4626-B860-9CDDEB21A1E2}.Debug|x64.Deploy.0 = Debug|x64
		{8CBA2931-09AC-4626-B860-9CDDEB21A1E2}.Debug|x86.ActiveCfg = Debug|x64
		{8CBA2931-09AC-4626-B860-9CDDEB21A1E2}.Release|ARM.ActiveCfg = Release|x64
		{8CBA2931-09AC-4626-B860-9CDDEB21A1E2}.Release|ARM64.ActiveCfg = Release|x64
		{8CBA2931-09AC-4626-B860-9CDDEB21A1E2}.Release|x64.ActiveCfg = Release|x64
		{8CBA2931-09AC-4626-B860-9CDDEB21A1E2}.Release|x64.Build.0 = Release|x64
		{8CBA2931-09AC-4626-B860-9CDDEB21A1E2}.Release|x64.Deploy.0 = Release|x64
		{8CBA2931-09AC-4626-B860-9CDDEB21A1E2}.Release|x86.ActiveCfg = Release|x64
		{991EACE6-777A-4DE0-9A82-579EFE2FF189}.Debug|ARM.ActiveCfg = Debug|x64
		{991EACE6-777A-4DE0-9A82-579EFE2FF189}.Debug|ARM64.ActiveCfg = Debug|x64
		{991EACE6-777A-4DE0-9A82-579EFE2FF189}.Debug|x64.ActiveCfg = Debug|x64
		{991EACE6-777A-4DE0-9A82-579EFE2FF189}.Debug|x64.Build.0 = Debug|x64
		{991EACE6-777A-4DE0-9A82-579EFE2FF189}.Debug|x86.ActiveCfg = Debug|x64
		{991EACE6-777A-4DE0-9A82-579EFE2FF189}.Release|ARM.ActiveCfg = Release|x64
		{991EACE6-777A-4DE0-9A82-579EFE2FF189}.Release|ARM64.ActiveCfg = Release|x64
		{991EACE6-777A-4DE0-9A82-579EFE2FF189}.Release|x64.ActiveCfg = Release|x64
		{991EACE6-777A-4DE0-9A82-579EFE2FF189}.Release|x64.Build.0 = Release|x64
		{991EACE6-777A-4DE0-9A82-579EFE2FF189}.Release|x86.ActiveCfg = Release|x64
	EndGlobalSection
	GlobalSection(SolutionProperties) = preSolution
		HideSolutionNode = FALSE
	EndGlobalSection
	GlobalSection(ExtensibilityGlobals) = postSolution
		SolutionGuid = {FE4D8F39-85D8-4497-8D65-B3C2DF8EA6C3}
	EndGlobalSection
EndGlobal
